
Microsoft Visual Studio Solution File, Format Version 12.00
# Visual Studio Version 16
VisualStudioVersion = 16.0.30011.22
MinimumVisualStudioVersion = 10.0.40219.1
Project("{FAE04EC0-301F-11D3-BF4B-00C04F79EFBC}") = "kws-xamarin.Android", "kws-xamarin\kws-xamarin.Android\kws-xamarin.Android.csproj", "{06F86B71-797D-4C0F-B69A-EC0B6ABF5713}"
EndProject
Project("{FAE04EC0-301F-11D3-BF4B-00C04F79EFBC}") = "kws-xamarin", "kws-xamarin\kws-xamarin\kws-xamarin.csproj", "{31A13D3D-A055-49B9-B836-6D2F66CDB5E8}"
EndProject
Global
	GlobalSection(SolutionConfigurationPlatforms) = preSolution
		Debug|Any CPU = Debug|Any CPU
		Release|Any CPU = Release|Any CPU
	EndGlobalSection
	GlobalSection(ProjectConfigurationPlatforms) = postSolution
		{06F86B71-797D-4C0F-B69A-EC0B6ABF5713}.Debug|Any CPU.ActiveCfg = Debug|Any CPU
		{06F86B71-797D-4C0F-B69A-EC0B6ABF5713}.Debug|Any CPU.Build.0 = Debug|Any CPU
		{06F86B71-797D-4C0F-B69A-EC0B6ABF5713}.Debug|Any CPU.Deploy.0 = Debug|Any CPU
		{06F86B71-797D-4C0F-B69A-EC0B6ABF5713}.Release|Any CPU.ActiveCfg = Release|Any CPU
		{06F86B71-797D-4C0F-B69A-EC0B6ABF5713}.Release|Any CPU.Build.0 = Release|Any CPU
		{06F86B71-797D-4C0F-B69A-EC0B6ABF5713}.Release|Any CPU.Deploy.0 = Release|Any CPU
		{31A13D3D-A055-49B9-B836-6D2F66CDB5E8}.Debug|Any CPU.ActiveCfg = Debug|Any CPU
		{31A13D3D-A055-49B9-B836-6D2F66CDB5E8}.Debug|Any CPU.Build.0 = Debug|Any CPU
		{31A13D3D-A055-49B9-B836-6D2F66CDB5E8}.Debug|Any CPU.Deploy.0 = Debug|Any CPU
		{31A13D3D-A055-49B9-B836-6D2F66CDB5E8}.Release|Any CPU.ActiveCfg = Release|Any CPU
		{31A13D3D-A055-49B9-B836-6D2F66CDB5E8}.Release|Any CPU.Build.0 = Release|Any CPU
		{31A13D3D-A055-49B9-B836-6D2F66CDB5E8}.Release|Any CPU.Deploy.0 = Release|Any CPU
	EndGlobalSection
	GlobalSection(SolutionProperties) = preSolution
		HideSolutionNode = FALSE
	EndGlobalSection
	GlobalSection(ExtensibilityGlobals) = postSolution
		SolutionGuid = {000BAB08-0673-4A86-87A9-4253A7294307}
	EndGlobalSection
EndGlobal
